
Microsoft Visual Studio Solution File, Format Version 12.00
# Visual Studio for Mac
Project("{FAE04EC0-301F-11D3-BF4B-00C04F79EFBC}") = "minijamu_GW", "minijamu_GW.csproj", "{082B92F0-C51C-C088-DE24-574E3879A94A}"
EndProject
Global
	GlobalSection(SolutionConfigurationPlatforms) = preSolution
		Debug|Any CPU = Debug|Any CPU
		Release|Any CPU = Release|Any CPU
	EndGlobalSection
	GlobalSection(ProjectConfigurationPlatforms) = postSolution
		{082B92F0-C51C-C088-DE24-574E3879A94A}.Debug|Any CPU.ActiveCfg = Debug|Any CPU
		{082B92F0-C51C-C088-DE24-574E3879A94A}.Debug|Any CPU.Build.0 = Debug|Any CPU
		{082B92F0-C51C-C088-DE24-574E3879A94A}.Release|Any CPU.ActiveCfg = Release|Any CPU
		{082B92F0-C51C-C088-DE24-574E3879A94A}.Release|Any CPU.Build.0 = Release|Any CPU
	EndGlobalSection
	GlobalSection(SolutionProperties) = preSolution
		HideSolutionNode = FALSE
	EndGlobalSection
EndGlobal
